
Microsoft Visual Studio Solution File, Format Version 12.00
# Visual Studio Version 16
VisualStudioVersion = 16.0.29926.136
MinimumVisualStudioVersion = 10.0.40219.1
Project("{FAE04EC0-301F-11D3-BF4B-00C04F79EFBC}") = "WhatNews", "WhatNews\WhatNews.csproj", "{A40172CF-3DF7-474C-B10A-B68685E3549B}"
EndProject
Global
	GlobalSection(SolutionConfigurationPlatforms) = preSolution
		Debug|Any CPU = Debug|Any CPU
		Release|Any CPU = Release|Any CPU
	EndGlobalSection
	GlobalSection(ProjectConfigurationPlatforms) = postSolution
		{A40172CF-3DF7-474C-B10A-B68685E3549B}.Debug|Any CPU.ActiveCfg = Debug|Any CPU
		{A40172CF-3DF7-474C-B10A-B68685E3549B}.Debug|Any CPU.Build.0 = Debug|Any CPU
		{A40172CF-3DF7-474C-B10A-B68685E3549B}.Release|Any CPU.ActiveCfg = Release|Any CPU
		{A40172CF-3DF7-474C-B10A-B68685E3549B}.Release|Any CPU.Build.0 = Release|Any CPU
	EndGlobalSection
	GlobalSection(SolutionProperties) = preSolution
		HideSolutionNode = FALSE
	EndGlobalSection
	GlobalSection(ExtensibilityGlobals) = postSolution
		SolutionGuid = {8FEA9070-7504-45AC-AFE8-F3E1B62BCC61}
	EndGlobalSection
EndGlobal
